
Microsoft Visual Studio Solution File, Format Version 12.00
# Visual Studio 2013
VisualStudioVersion = 12.0.40629.0
MinimumVisualStudioVersion = 10.0.40219.1
Project("{FAE04EC0-301F-11D3-BF4B-00C04F79EFBC}") = "Joa.JewelEarth.UI.Controls.UnitTest", "Joa.JewelEarth.UI.Controls.UnitTest\Joa.JewelEarth.UI.Controls.UnitTest.csproj", "{DFA6615C-6EF8-4758-92CC-0C7A4703BB6B}"
EndProject
Project("{FAE04EC0-301F-11D3-BF4B-00C04F79EFBC}") = "Math.Geometry.SpecFlowTest", "..\Tests\SpecflowTests\Api\Math.Geometry\Math.Geometry.SpecFlowTest.csproj", "{6691FF91-E46C-459C-91B3-C0B659FB1E20}"
EndProject
Project("{FAE04EC0-301F-11D3-BF4B-00C04F79EFBC}") = "Joa.JewelEarth.Geodetic", "Joa.JewelEarth.Geodetic\Joa.JewelEarth.Geodetic.csproj", "{8991650F-3A63-4A59-AF3C-E219F272CFAF}"
EndProject
Global
	GlobalSection(TeamFoundationVersionControl) = preSolution
		SccNumberOfProjects = 32
		SccEnterpriseProvider = {4CA58AB2-18FA-4F8D-95D4-32DDF27D184C}
		SccTeamFoundationServer = http://bhiabztfs01:8080/jewelsuite
		SccLocalPath0 = .
		SccProjectUniqueName1 = Joa.JewelEarth.Math.Geometry\\Joa.JewelEarth.Math.Geometry.csproj
		SccProjectName1 = Joa.JewelEarth.Math.Geometry
		SccLocalPath1 = Joa.JewelEarth.Math.Geometry
		SccProjectUniqueName2 = Joa.JewelEarth.UnitSystem\\Joa.JewelEarth.UnitSystem.csproj
		SccProjectName2 = Joa.JewelEarth.UnitSystem
		SccLocalPath2 = Joa.JewelEarth.UnitSystem
		SccProjectUniqueName3 = Joa.JewelEarth.Properties\\Joa.JewelEarth.Properties.csproj
		SccProjectName3 = Joa.JewelEarth.Properties
		SccLocalPath3 = Joa.JewelEarth.Properties
		SccProjectUniqueName4 = Joa.JewelEarth.ReservoirBasicObjects\\Joa.JewelEarth.ReservoirBasicObjects.csproj
		SccProjectName4 = Joa.JewelEarth.ReservoirBasicObjects
		SccLocalPath4 = Joa.JewelEarth.ReservoirBasicObjects
		SccProjectUniqueName5 = Joa.JewelEarth.Surfaces\\Joa.JewelEarth.Surfaces.csproj
		SccProjectName5 = Joa.JewelEarth.Surfaces
		SccLocalPath5 = Joa.JewelEarth.Surfaces
		SccProjectUniqueName6 = Joa.JewelEarth.Wells\\Joa.JewelEarth.Wells.csproj
		SccProjectName6 = Joa.JewelEarth.Wells
		SccLocalPath6 = Joa.JewelEarth.Wells
		SccProjectUniqueName7 = Joa.JewelEarth.Seismic\\Joa.JewelEarth.Seismic.csproj
		SccProjectName7 = Joa.JewelEarth.Seismic
		SccLocalPath7 = Joa.JewelEarth.Seismic
		SccProjectUniqueName8 = Joa.JewelEarth.Stratigraphy\\Joa.JewelEarth.Stratigraphy.csproj
		SccProjectName8 = Joa.JewelEarth.Stratigraphy
		SccLocalPath8 = Joa.JewelEarth.Stratigraphy
		SccProjectUniqueName9 = Joa.JewelEarth.StructuralModel\\Joa.JewelEarth.StructuralModel.csproj
		SccProjectName9 = Joa.JewelEarth.StructuralModel
		SccLocalPath9 = Joa.JewelEarth.StructuralModel
		SccProjectUniqueName10 = Joa.JewelEarth.Grids\\Joa.JewelEarth.Grids.csproj
		SccProjectName10 = Joa.JewelEarth.Grids
		SccLocalPath10 = Joa.JewelEarth.Grids
		SccProjectUniqueName11 = Joa.JewelEarth.Mesh3D\\Joa.JewelEarth.Mesh3D.csproj
		SccProjectName11 = Joa.JewelEarth.Mesh3D
		SccLocalPath11 = Joa.JewelEarth.Mesh3D
		SccProjectUniqueName12 = Joa.JewelEarth.UI.Controls\\Joa.JewelEarth.UI.Controls.csproj
		SccProjectName12 = Joa.JewelEarth.UI.Controls
		SccLocalPath12 = Joa.JewelEarth.UI.Controls
		SccProjectUniqueName13 = Joa.JewelEarth.UI.Charts\\Joa.JewelEarth.UI.Charts.csproj
		SccProjectName13 = Joa.JewelEarth.UI.Charts
		SccLocalPath13 = Joa.JewelEarth.UI.Charts
		SccProjectUniqueName14 = Joa.JewelEarth.UI.HelpSystem\\Joa.JewelEarth.UI.HelpSystem.csproj
		SccProjectName14 = Joa.JewelEarth.UI.HelpSystem
		SccLocalPath14 = Joa.JewelEarth.UI.HelpSystem
		SccProjectUniqueName15 = Joa.JewelEarth.UI.JewelExplorer\\Joa.JewelEarth.UI.JewelExplorer.csproj
		SccProjectName15 = Joa.JewelEarth.UI.JewelExplorer
		SccLocalPath15 = Joa.JewelEarth.UI.JewelExplorer
		SccProjectUniqueName16 = Joa.JewelEarth.UI.Framework\\Joa.JewelEarth.UI.Framework.csproj
		SccProjectName16 = Joa.JewelEarth.UI.Framework
		SccLocalPath16 = Joa.JewelEarth.UI.Framework
		SccProjectUniqueName17 = Joa.JewelEarth.UI.Application\\Joa.JewelEarth.UI.Application.csproj
		SccProjectName17 = Joa.JewelEarth.UI.Application
		SccLocalPath17 = Joa.JewelEarth.UI.Application
		SccProjectUniqueName18 = Joa.JewelEarth.UI.WellCorrelation\\Joa.JewelEarth.UI.WellCorrelation.csproj
		SccProjectName18 = Joa.JewelEarth.UI.WellCorrelation
		SccLocalPath18 = Joa.JewelEarth.UI.WellCorrelation
		SccProjectUniqueName19 = Joa.JewelEarth.UI.Graphics\\Joa.JewelEarth.UI.Graphics.csproj
		SccProjectName19 = Joa.JewelEarth.UI.Graphics
		SccLocalPath19 = Joa.JewelEarth.UI.Graphics
		SccProjectUniqueName20 = Joa.JewelEarth.UI.Viewer3DControl\\Joa.JewelEarth.UI.Viewer3DControl.csproj
		SccProjectName20 = Joa.JewelEarth.UI.Viewer3DControl
		SccLocalPath20 = Joa.JewelEarth.UI.Viewer3DControl
		SccProjectUniqueName21 = Joa.JewelEarth.UI.WorkflowAutomation\\Joa.JewelEarth.UI.WorkflowAutomation.csproj
		SccProjectName21 = Joa.JewelEarth.UI.WorkflowAutomation
		SccLocalPath21 = Joa.JewelEarth.UI.WorkflowAutomation
		SccProjectUniqueName22 = Joa.JewelEarth.Math\\Joa.JewelEarth.Math.csproj
		SccProjectName22 = Joa.JewelEarth.Math
		SccLocalPath22 = Joa.JewelEarth.Math
		SccProjectUniqueName23 = Joa.JewelEarth.Math.Geometry.UnitTest\\Joa.JewelEarth.Math.Geometry.UnitTest.csproj
		SccProjectTopLevelParentUniqueName23 = Api.sln
		SccProjectName23 = Joa.JewelEarth.Math.Geometry.UnitTest
		SccLocalPath23 = Joa.JewelEarth.Math.Geometry.UnitTest
		SccProjectUniqueName24 = Joa.JewelEarth.Math.UnitTest\\Joa.JewelEarth.Math.UnitTest.csproj
		SccProjectTopLevelParentUniqueName24 = Api.sln
		SccProjectName24 = Joa.JewelEarth.Math.UnitTest
		SccLocalPath24 = Joa.JewelEarth.Math.UnitTest
		SccProjectUniqueName25 = Joa.JewelEarth.UI.Framework.UnitTest\\Joa.JewelEarth.UI.Framework.UnitTest.csproj
		SccProjectTopLevelParentUniqueName25 = Api.sln
		SccProjectName25 = Joa.JewelEarth.UI.Framework.UnitTest
		SccLocalPath25 = Joa.JewelEarth.UI.Framework.UnitTest
		SccProjectUniqueName26 = Helper.UnitTest\\API.UnitTestHelpers.csproj
		SccProjectTopLevelParentUniqueName26 = Api.sln
		SccProjectName26 = Helper.UnitTest
		SccLocalPath26 = Helper.UnitTest
		SccProjectUniqueName27 = Joa.JewelEarth.UI.Controls.UnitTest\\Joa.JewelEarth.UI.Controls.UnitTest.csproj
		SccProjectTopLevelParentUniqueName27 = Api.sln
		SccProjectName27 = Joa.JewelEarth.UI.Controls.UnitTest
		SccLocalPath27 = Joa.JewelEarth.UI.Controls.UnitTest
		SccProjectUniqueName28 = ..\\Tests\\SpecflowTests\\Api\\Math.Geometry\\Math.Geometry.SpecFlowTest.csproj
		SccProjectTopLevelParentUniqueName28 = Api.sln
		SccProjectName28 = ../Tests/SpecflowTests/Api/Math.Geometry
		SccLocalPath28 = ..\\Tests\\SpecflowTests\\Api\\Math.Geometry
		SccProjectUniqueName29 = Joa.JewelEarth.Framework.UnitTest\\Joa.JewelEarth.Framework.UnitTest.csproj
		SccProjectTopLevelParentUniqueName29 = Api.sln
		SccProjectName29 = Joa.JewelEarth.Framework.UnitTest
		SccLocalPath29 = Joa.JewelEarth.Framework.UnitTest
		SccProjectUniqueName30 = Joa.JewelEarth.Framework\\Joa.JewelEarth.Framework.csproj
		SccProjectName30 = Joa.JewelEarth.Framework
		SccLocalPath30 = Joa.JewelEarth.Framework
		SccProjectUniqueName31 = Joa.JewelEarth.Geodetic\\Joa.JewelEarth.Geodetic.csproj
		SccProjectName31 = Joa.JewelEarth.Geodetic
		SccLocalPath31 = Joa.JewelEarth.Geodetic
	EndGlobalSection
	GlobalSection(SolutionConfigurationPlatforms) = preSolution
		Debug|Mixed Platforms = Debug|Mixed Platforms
		Debug|x64 = Debug|x64
		Release|Mixed Platforms = Release|Mixed Platforms
		Release|x64 = Release|x64
	EndGlobalSection
	GlobalSection(ProjectConfigurationPlatforms) = postSolution
		{4E165673-DC3F-4928-9402-CA33A7362FA2}.Debug|Mixed Platforms.ActiveCfg = Debug|x64
		{4E165673-DC3F-4928-9402-CA33A7362FA2}.Debug|Mixed Platforms.Build.0 = Debug|x64
		{4E165673-DC3F-4928-9402-CA33A7362FA2}.Debug|x64.ActiveCfg = Debug|x64
		{4E165673-DC3F-4928-9402-CA33A7362FA2}.Debug|x64.Build.0 = Debug|x64
		{4E165673-DC3F-4928-9402-CA33A7362FA2}.Release|Mixed Platforms.ActiveCfg = Release|x64
		{4E165673-DC3F-4928-9402-CA33A7362FA2}.Release|Mixed Platforms.Build.0 = Release|x64
		{4E165673-DC3F-4928-9402-CA33A7362FA2}.Release|x64.ActiveCfg = Release|x64
		{4E165673-DC3F-4928-9402-CA33A7362FA2}.Release|x64.Build.0 = Release|x64
		{0B104385-8116-4A45-B8D0-94FBFE32F0B5}.Debug|Mixed Platforms.ActiveCfg = Debug|x64
		{0B104385-8116-4A45-B8D0-94FBFE32F0B5}.Debug|Mixed Platforms.Build.0 = Debug|x64
		{0B104385-8116-4A45-B8D0-94FBFE32F0B5}.Debug|x64.ActiveCfg = Debug|x64
		{0B104385-8116-4A45-B8D0-94FBFE32F0B5}.Debug|x64.Build.0 = Debug|x64
		{0B104385-8116-4A45-B8D0-94FBFE32F0B5}.Release|Mixed Platforms.ActiveCfg = Release|x64
		{0B104385-8116-4A45-B8D0-94FBFE32F0B5}.Release|Mixed Platforms.Build.0 = Release|x64
		{0B104385-8116-4A45-B8D0-94FBFE32F0B5}.Release|x64.ActiveCfg = Release|x64
		{0B104385-8116-4A45-B8D0-94FBFE32F0B5}.Release|x64.Build.0 = Release|x64
		{8DE9D4E1-F9E8-49F5-8D36-761A9DCDB2C9}.Debug|Mixed Platforms.ActiveCfg = Debug|x64
		{8DE9D4E1-F9E8-49F5-8D36-761A9DCDB2C9}.Debug|Mixed Platforms.Build.0 = Debug|x64
		{8DE9D4E1-F9E8-49F5-8D36-761A9DCDB2C9}.Debug|x64.ActiveCfg = Debug|x64
		{8DE9D4E1-F9E8-49F5-8D36-761A9DCDB2C9}.Debug|x64.Build.0 = Debug|x64
		{8DE9D4E1-F9E8-49F5-8D36-761A9DCDB2C9}.Release|Mixed Platforms.ActiveCfg = Release|x64
		{8DE9D4E1-F9E8-49F5-8D36-761A9DCDB2C9}.Release|Mixed Platforms.Build.0 = Release|x64
		{8DE9D4E1-F9E8-49F5-8D36-761A9DCDB2C9}.Release|x64.ActiveCfg = Release|x64
		{8DE9D4E1-F9E8-49F5-8D36-761A9DCDB2C9}.Release|x64.Build.0 = Release|x64
		{245F7CF3-B5CE-431F-87CF-8A02DBD0E71D}.Debug|Mixed Platforms.ActiveCfg = Debug|x64
		{245F7CF3-B5CE-431F-87CF-8A02DBD0E71D}.Debug|Mixed Platforms.Build.0 = Debug|x64
		{245F7CF3-B5CE-431F-87CF-8A02DBD0E71D}.Debug|x64.ActiveCfg = Debug|x64
		{245F7CF3-B5CE-431F-87CF-8A02DBD0E71D}.Debug|x64.Build.0 = Debug|x64
		{245F7CF3-B5CE-431F-87CF-8A02DBD0E71D}.Release|Mixed Platforms.ActiveCfg = Release|x64
		{245F7CF3-B5CE-431F-87CF-8A02DBD0E71D}.Release|Mixed Platforms.Build.0 = Release|x64
		{245F7CF3-B5CE-431F-87CF-8A02DBD0E71D}.Release|x64.ActiveCfg = Release|x64
		{245F7CF3-B5CE-431F-87CF-8A02DBD0E71D}.Release|x64.Build.0 = Release|x64
		{C53DB080-E669-4A09-8469-6516090CE6DA}.Debug|Mixed Platforms.ActiveCfg = Debug|x64
		{C53DB080-E669-4A09-8469-6516090CE6DA}.Debug|Mixed Platforms.Build.0 = Debug|x64
		{C53DB080-E669-4A09-8469-6516090CE6DA}.Debug|x64.ActiveCfg = Debug|x64
		{C53DB080-E669-4A09-8469-6516090CE6DA}.Debug|x64.Build.0 = Debug|x64
		{C53DB080-E669-4A09-8469-6516090CE6DA}.Release|Mixed Platforms.ActiveCfg = Release|x64
		{C53DB080-E669-4A09-8469-6516090CE6DA}.Release|Mixed Platforms.Build.0 = Release|x64
		{C53DB080-E669-4A09-8469-6516090CE6DA}.Release|x64.ActiveCfg = Release|x64
		{C53DB080-E669-4A09-8469-6516090CE6DA}.Release|x64.Build.0 = Release|x64
		{03F0CD65-986B-4C3F-9F15-16B893037467}.Debug|Mixed Platforms.ActiveCfg = Debug|x64
		{03F0CD65-986B-4C3F-9F15-16B893037467}.Debug|Mixed Platforms.Build.0 = Debug|x64
		{03F0CD65-986B-4C3F-9F15-16B893037467}.Debug|x64.ActiveCfg = Debug|x64
		{03F0CD65-986B-4C3F-9F15-16B893037467}.Debug|x64.Build.0 = Debug|x64
		{03F0CD65-986B-4C3F-9F15-16B893037467}.Release|Mixed Platforms.ActiveCfg = Release|x64
		{03F0CD65-986B-4C3F-9F15-16B893037467}.Release|Mixed Platforms.Build.0 = Release|x64
		{03F0CD65-986B-4C3F-9F15-16B893037467}.Release|x64.ActiveCfg = Release|x64
		{03F0CD65-986B-4C3F-9F15-16B893037467}.Release|x64.Build.0 = Release|x64
		{B2ABD7A3-6C32-4797-95E7-B3238376D050}.Debug|Mixed Platforms.ActiveCfg = Debug|x64
		{B2ABD7A3-6C32-4797-95E7-B3238376D050}.Debug|Mixed Platforms.Build.0 = Debug|x64
		{B2ABD7A3-6C32-4797-95E7-B3238376D050}.Debug|x64.ActiveCfg = Debug|x64
		{B2ABD7A3-6C32-4797-95E7-B3238376D050}.Debug|x64.Build.0 = Debug|x64
		{B2ABD7A3-6C32-4797-95E7-B3238376D050}.Release|Mixed Platforms.ActiveCfg = Release|x64
		{B2ABD7A3-6C32-4797-95E7-B3238376D050}.Release|Mixed Platforms.Build.0 = Release|x64
		{B2ABD7A3-6C32-4797-95E7-B3238376D050}.Release|x64.ActiveCfg = Release|x64
		{B2ABD7A3-6C32-4797-95E7-B3238376D050}.Release|x64.Build.0 = Release|x64
		{2FEFDC0F-2F2C-4B39-8742-7D97C9D8704E}.Debug|Mixed Platforms.ActiveCfg = Debug|x64
		{2FEFDC0F-2F2C-4B39-8742-7D97C9D8704E}.Debug|Mixed Platforms.Build.0 = Debug|x64
		{2FEFDC0F-2F2C-4B39-8742-7D97C9D8704E}.Debug|x64.ActiveCfg = Debug|x64
		{2FEFDC0F-2F2C-4B39-8742-7D97C9D8704E}.Debug|x64.Build.0 = Debug|x64
		{2FEFDC0F-2F2C-4B39-8742-7D97C9D8704E}.Release|Mixed Platforms.ActiveCfg = Release|x64
		{2FEFDC0F-2F2C-4B39-8742-7D97C9D8704E}.Release|Mixed Platforms.Build.0 = Release|x64
		{2FEFDC0F-2F2C-4B39-8742-7D97C9D8704E}.Release|x64.ActiveCfg = Release|x64
		{2FEFDC0F-2F2C-4B39-8742-7D97C9D8704E}.Release|x64.Build.0 = Release|x64
		{3E001202-F7B6-4ABD-912E-9A6C4E7D7434}.Debug|Mixed Platforms.ActiveCfg = Debug|x64
		{3E001202-F7B6-4ABD-912E-9A6C4E7D7434}.Debug|Mixed Platforms.Build.0 = Debug|x64
		{3E001202-F7B6-4ABD-912E-9A6C4E7D7434}.Debug|x64.ActiveCfg = Debug|x64
		{3E001202-F7B6-4ABD-912E-9A6C4E7D7434}.Debug|x64.Build.0 = Debug|x64
		{3E001202-F7B6-4ABD-912E-9A6C4E7D7434}.Release|Mixed Platforms.ActiveCfg = Release|x64
		{3E001202-F7B6-4ABD-912E-9A6C4E7D7434}.Release|Mixed Platforms.Build.0 = Release|x64
		{3E001202-F7B6-4ABD-912E-9A6C4E7D7434}.Release|x64.ActiveCfg = Release|x64
		{3E001202-F7B6-4ABD-912E-9A6C4E7D7434}.Release|x64.Build.0 = Release|x64
		{F4F49D93-63D8-4389-9F6B-E292B5135809}.Debug|Mixed Platforms.ActiveCfg = Debug|x64
		{F4F49D93-63D8-4389-9F6B-E292B5135809}.Debug|Mixed Platforms.Build.0 = Debug|x64
		{F4F49D93-63D8-4389-9F6B-E292B5135809}.Debug|x64.ActiveCfg = Debug|x64
		{F4F49D93-63D8-4389-9F6B-E292B5135809}.Debug|x64.Build.0 = Debug|x64
		{F4F49D93-63D8-4389-9F6B-E292B5135809}.Release|Mixed Platforms.ActiveCfg = Release|x64
		{F4F49D93-63D8-4389-9F6B-E292B5135809}.Release|Mixed Platforms.Build.0 = Release|x64
		{F4F49D93-63D8-4389-9F6B-E292B5135809}.Release|x64.ActiveCfg = Release|x64
		{F4F49D93-63D8-4389-9F6B-E292B5135809}.Release|x64.Build.0 = Release|x64
		{E1D006A4-DEAF-44EF-96AF-0BCE8551ADFF}.Debug|Mixed Platforms.ActiveCfg = Debug|x64
		{E1D006A4-DEAF-44EF-96AF-0BCE8551ADFF}.Debug|Mixed Platforms.Build.0 = Debug|x64
		{E1D006A4-DEAF-44EF-96AF-0BCE8551ADFF}.Debug|x64.ActiveCfg = Debug|x64
		{E1D006A4-DEAF-44EF-96AF-0BCE8551ADFF}.Debug|x64.Build.0 = Debug|x64
		{E1D006A4-DEAF-44EF-96AF-0BCE8551ADFF}.Release|Mixed Platforms.ActiveCfg = Release|x64
		{E1D006A4-DEAF-44EF-96AF-0BCE8551ADFF}.Release|Mixed Platforms.Build.0 = Release|x64
		{E1D006A4-DEAF-44EF-96AF-0BCE8551ADFF}.Release|x64.ActiveCfg = Release|x64
		{E1D006A4-DEAF-44EF-96AF-0BCE8551ADFF}.Release|x64.Build.0 = Release|x64
		{920ECC2D-48F7-40FB-921F-5CCEB3917D89}.Debug|Mixed Platforms.ActiveCfg = Debug|x64
		{920ECC2D-48F7-40FB-921F-5CCEB3917D89}.Debug|Mixed Platforms.Build.0 = Debug|x64
		{920ECC2D-48F7-40FB-921F-5CCEB3917D89}.Debug|x64.ActiveCfg = Debug|x64
		{920ECC2D-48F7-40FB-921F-5CCEB3917D89}.Debug|x64.Build.0 = Debug|x64
		{920ECC2D-48F7-40FB-921F-5CCEB3917D89}.Release|Mixed Platforms.ActiveCfg = Release|x64
		{920ECC2D-48F7-40FB-921F-5CCEB3917D89}.Release|Mixed Platforms.Build.0 = Release|x64
		{920ECC2D-48F7-40FB-921F-5CCEB3917D89}.Release|x64.ActiveCfg = Release|x64
		{920ECC2D-48F7-40FB-921F-5CCEB3917D89}.Release|x64.Build.0 = Release|x64
		{0335B648-712D-48F4-BD5C-90858B896812}.Debug|Mixed Platforms.ActiveCfg = Debug|x64
		{0335B648-712D-48F4-BD5C-90858B896812}.Debug|Mixed Platforms.Build.0 = Debug|x64
		{0335B648-712D-48F4-BD5C-90858B896812}.Debug|x64.ActiveCfg = Debug|x64
		{0335B648-712D-48F4-BD5C-90858B896812}.Debug|x64.Build.0 = Debug|x64
		{0335B648-712D-48F4-BD5C-90858B896812}.Release|Mixed Platforms.ActiveCfg = Release|x64
		{0335B648-712D-48F4-BD5C-90858B896812}.Release|Mixed Platforms.Build.0 = Release|x64
		{0335B648-712D-48F4-BD5C-90858B896812}.Release|x64.ActiveCfg = Release|x64
		{0335B648-712D-48F4-BD5C-90858B896812}.Release|x64.Build.0 = Release|x64
		{C308790F-9470-467C-8A42-461745612851}.Debug|Mixed Platforms.ActiveCfg = Debug|x64
		{C308790F-9470-467C-8A42-461745612851}.Debug|Mixed Platforms.Build.0 = Debug|x64
		{C308790F-9470-467C-8A42-461745612851}.Debug|x64.ActiveCfg = Debug|x64
		{C308790F-9470-467C-8A42-461745612851}.Debug|x64.Build.0 = Debug|x64
		{C308790F-9470-467C-8A42-461745612851}.Release|Mixed Platforms.ActiveCfg = Release|x64
		{C308790F-9470-467C-8A42-461745612851}.Release|Mixed Platforms.Build.0 = Release|x64
		{C308790F-9470-467C-8A42-461745612851}.Release|x64.ActiveCfg = Release|x64
		{C308790F-9470-467C-8A42-461745612851}.Release|x64.Build.0 = Release|x64
		{E794F3FE-1026-4FB4-AD37-F1032C0B3461}.Debug|Mixed Platforms.ActiveCfg = Debug|x64
		{E794F3FE-1026-4FB4-AD37-F1032C0B3461}.Debug|Mixed Platforms.Build.0 = Debug|x64
		{E794F3FE-1026-4FB4-AD37-F1032C0B3461}.Debug|x64.ActiveCfg = Debug|x64
		{E794F3FE-1026-4FB4-AD37-F1032C0B3461}.Debug|x64.Build.0 = Debug|x64
		{E794F3FE-1026-4FB4-AD37-F1032C0B3461}.Release|Mixed Platforms.ActiveCfg = Release|x64
		{E794F3FE-1026-4FB4-AD37-F1032C0B3461}.Release|Mixed Platforms.Build.0 = Release|x64
		{E794F3FE-1026-4FB4-AD37-F1032C0B3461}.Release|x64.ActiveCfg = Release|x64
		{E794F3FE-1026-4FB4-AD37-F1032C0B3461}.Release|x64.Build.0 = Release|x64
		{A582A833-89D6-4811-A3B6-E65390F656E5}.Debug|Mixed Platforms.ActiveCfg = Debug|x64
		{A582A833-89D6-4811-A3B6-E65390F656E5}.Debug|Mixed Platforms.Build.0 = Debug|x64
		{A582A833-89D6-4811-A3B6-E65390F656E5}.Debug|x64.ActiveCfg = Debug|x64
		{A582A833-89D6-4811-A3B6-E65390F656E5}.Debug|x64.Build.0 = Debug|x64
		{A582A833-89D6-4811-A3B6-E65390F656E5}.Release|Mixed Platforms.ActiveCfg = Release|x64
		{A582A833-89D6-4811-A3B6-E65390F656E5}.Release|Mixed Platforms.Build.0 = Release|x64
		{A582A833-89D6-4811-A3B6-E65390F656E5}.Release|x64.ActiveCfg = Release|x64
		{A582A833-89D6-4811-A3B6-E65390F656E5}.Release|x64.Build.0 = Release|x64
		{D0965165-22CE-4244-9913-91214D47591C}.Debug|Mixed Platforms.ActiveCfg = Debug|x64
		{D0965165-22CE-4244-9913-91214D47591C}.Debug|Mixed Platforms.Build.0 = Debug|x64
		{D0965165-22CE-4244-9913-91214D47591C}.Debug|x64.ActiveCfg = Debug|x64
		{D0965165-22CE-4244-9913-91214D47591C}.Debug|x64.Build.0 = Debug|x64
		{D0965165-22CE-4244-9913-91214D47591C}.Release|Mixed Platforms.ActiveCfg = Release|x64
		{D0965165-22CE-4244-9913-91214D47591C}.Release|Mixed Platforms.Build.0 = Release|x64
		{D0965165-22CE-4244-9913-91214D47591C}.Release|x64.ActiveCfg = Release|x64
		{D0965165-22CE-4244-9913-91214D47591C}.Release|x64.Build.0 = Release|x64
		{8B6A3547-B301-4288-9664-D24655FE61F7}.Debug|Mixed Platforms.ActiveCfg = Debug|x64
		{8B6A3547-B301-4288-9664-D24655FE61F7}.Debug|Mixed Platforms.Build.0 = Debug|x64
		{8B6A3547-B301-4288-9664-D24655FE61F7}.Debug|x64.ActiveCfg = Debug|x64
		{8B6A3547-B301-4288-9664-D24655FE61F7}.Debug|x64.Build.0 = Debug|x64
		{8B6A3547-B301-4288-9664-D24655FE61F7}.Release|Mixed Platforms.ActiveCfg = Release|x64
		{8B6A3547-B301-4288-9664-D24655FE61F7}.Release|Mixed Platforms.Build.0 = Release|x64
		{8B6A3547-B301-4288-9664-D24655FE61F7}.Release|x64.ActiveCfg = Release|x64
		{8B6A3547-B301-4288-9664-D24655FE61F7}.Release|x64.Build.0 = Release|x64
		{BC0C3793-D394-4EAE-9CE5-C8AA86398C88}.Debug|Mixed Platforms.ActiveCfg = Debug|x64
		{BC0C3793-D394-4EAE-9CE5-C8AA86398C88}.Debug|Mixed Platforms.Build.0 = Debug|x64
		{BC0C3793-D394-4EAE-9CE5-C8AA86398C88}.Debug|x64.ActiveCfg = Debug|x64
		{BC0C3793-D394-4EAE-9CE5-C8AA86398C88}.Debug|x64.Build.0 = Debug|x64
		{BC0C3793-D394-4EAE-9CE5-C8AA86398C88}.Release|Mixed Platforms.ActiveCfg = Release|x64
		{BC0C3793-D394-4EAE-9CE5-C8AA86398C88}.Release|Mixed Platforms.Build.0 = Release|x64
		{BC0C3793-D394-4EAE-9CE5-C8AA86398C88}.Release|x64.ActiveCfg = Release|x64
		{BC0C3793-D394-4EAE-9CE5-C8AA86398C88}.Release|x64.Build.0 = Release|x64
		{6C0FBE54-38B7-40C5-9480-5EA84238F825}.Debug|Mixed Platforms.ActiveCfg = Debug|x64
		{6C0FBE54-38B7-40C5-9480-5EA84238F825}.Debug|Mixed Platforms.Build.0 = Debug|x64
		{6C0FBE54-38B7-40C5-9480-5EA84238F825}.Debug|x64.ActiveCfg = Debug|x64
		{6C0FBE54-38B7-40C5-9480-5EA84238F825}.Debug|x64.Build.0 = Debug|x64
		{6C0FBE54-38B7-40C5-9480-5EA84238F825}.Release|Mixed Platforms.ActiveCfg = Release|x64
		{6C0FBE54-38B7-40C5-9480-5EA84238F825}.Release|Mixed Platforms.Build.0 = Release|x64
		{6C0FBE54-38B7-40C5-9480-5EA84238F825}.Release|x64.ActiveCfg = Release|x64
		{6C0FBE54-38B7-40C5-9480-5EA84238F825}.Release|x64.Build.0 = Release|x64
		{358582FC-A8A1-4101-B3AE-918FE79D34B3}.Debug|Mixed Platforms.ActiveCfg = Debug|x64
		{358582FC-A8A1-4101-B3AE-918FE79D34B3}.Debug|Mixed Platforms.Build.0 = Debug|x64
		{358582FC-A8A1-4101-B3AE-918FE79D34B3}.Debug|x64.ActiveCfg = Debug|x64
		{358582FC-A8A1-4101-B3AE-918FE79D34B3}.Debug|x64.Build.0 = Debug|x64
		{358582FC-A8A1-4101-B3AE-918FE79D34B3}.Release|Mixed Platforms.ActiveCfg = Release|x64
		{358582FC-A8A1-4101-B3AE-918FE79D34B3}.Release|Mixed Platforms.Build.0 = Release|x64
		{358582FC-A8A1-4101-B3AE-918FE79D34B3}.Release|x64.ActiveCfg = Release|x64
		{358582FC-A8A1-4101-B3AE-918FE79D34B3}.Release|x64.Build.0 = Release|x64
		{D725774E-803E-46EB-BBF1-8CE0019C9FD5}.Debug|Mixed Platforms.ActiveCfg = Debug|x64
		{D725774E-803E-46EB-BBF1-8CE0019C9FD5}.Debug|Mixed Platforms.Build.0 = Debug|x64
		{D725774E-803E-46EB-BBF1-8CE0019C9FD5}.Debug|x64.ActiveCfg = Debug|x64
		{D725774E-803E-46EB-BBF1-8CE0019C9FD5}.Debug|x64.Build.0 = Debug|x64
		{D725774E-803E-46EB-BBF1-8CE0019C9FD5}.Release|Mixed Platforms.ActiveCfg = Release|x64
		{D725774E-803E-46EB-BBF1-8CE0019C9FD5}.Release|Mixed Platforms.Build.0 = Release|x64
		{D725774E-803E-46EB-BBF1-8CE0019C9FD5}.Release|x64.ActiveCfg = Release|x64
		{D725774E-803E-46EB-BBF1-8CE0019C9FD5}.Release|x64.Build.0 = Release|x64
		{258C1D79-616A-4AE3-B44E-85414A20AF7D}.Debug|Mixed Platforms.ActiveCfg = Debug|x64
		{258C1D79-616A-4AE3-B44E-85414A20AF7D}.Debug|Mixed Platforms.Build.0 = Debug|x64
		{258C1D79-616A-4AE3-B44E-85414A20AF7D}.Debug|x64.ActiveCfg = Debug|x64
		{258C1D79-616A-4AE3-B44E-85414A20AF7D}.Debug|x64.Build.0 = Debug|x64
		{258C1D79-616A-4AE3-B44E-85414A20AF7D}.Release|Mixed Platforms.ActiveCfg = Release|x64
		{258C1D79-616A-4AE3-B44E-85414A20AF7D}.Release|Mixed Platforms.Build.0 = Release|x64
		{258C1D79-616A-4AE3-B44E-85414A20AF7D}.Release|x64.ActiveCfg = Release|x64
		{258C1D79-616A-4AE3-B44E-85414A20AF7D}.Release|x64.Build.0 = Release|x64
		{C4601D1E-C648-4739-8CA2-9CF52D9EE0E2}.Debug|Mixed Platforms.ActiveCfg = Debug|x64
		{C4601D1E-C648-4739-8CA2-9CF52D9EE0E2}.Debug|Mixed Platforms.Build.0 = Debug|x64
		{C4601D1E-C648-4739-8CA2-9CF52D9EE0E2}.Debug|x64.ActiveCfg = Debug|x64
		{C4601D1E-C648-4739-8CA2-9CF52D9EE0E2}.Debug|x64.Build.0 = Debug|x64
		{C4601D1E-C648-4739-8CA2-9CF52D9EE0E2}.Release|Mixed Platforms.ActiveCfg = Release|x64
		{C4601D1E-C648-4739-8CA2-9CF52D9EE0E2}.Release|Mixed Platforms.Build.0 = Release|x64
		{C4601D1E-C648-4739-8CA2-9CF52D9EE0E2}.Release|x64.ActiveCfg = Release|x64
		{C4601D1E-C648-4739-8CA2-9CF52D9EE0E2}.Release|x64.Build.0 = Release|x64
		{4B3194D4-C1F0-481F-BCBB-61D00526D160}.Debug|Mixed Platforms.ActiveCfg = Debug|x64
		{4B3194D4-C1F0-481F-BCBB-61D00526D160}.Debug|Mixed Platforms.Build.0 = Debug|x64
		{4B3194D4-C1F0-481F-BCBB-61D00526D160}.Debug|x64.ActiveCfg = Debug|x64
		{4B3194D4-C1F0-481F-BCBB-61D00526D160}.Debug|x64.Build.0 = Debug|x64
		{4B3194D4-C1F0-481F-BCBB-61D00526D160}.Release|Mixed Platforms.ActiveCfg = Release|x64
		{4B3194D4-C1F0-481F-BCBB-61D00526D160}.Release|Mixed Platforms.Build.0 = Release|x64
		{4B3194D4-C1F0-481F-BCBB-61D00526D160}.Release|x64.ActiveCfg = Release|x64
		{4B3194D4-C1F0-481F-BCBB-61D00526D160}.Release|x64.Build.0 = Release|x64
		{2614A528-15D6-441C-A57E-742A6D0BA1E8}.Debug|Mixed Platforms.ActiveCfg = Debug|x64
		{2614A528-15D6-441C-A57E-742A6D0BA1E8}.Debug|Mixed Platforms.Build.0 = Debug|x64
		{2614A528-15D6-441C-A57E-742A6D0BA1E8}.Debug|x64.ActiveCfg = Debug|x64
		{2614A528-15D6-441C-A57E-742A6D0BA1E8}.Debug|x64.Build.0 = Debug|x64
		{2614A528-15D6-441C-A57E-742A6D0BA1E8}.Release|Mixed Platforms.ActiveCfg = Release|x64
		{2614A528-15D6-441C-A57E-742A6D0BA1E8}.Release|Mixed Platforms.Build.0 = Release|x64
		{2614A528-15D6-441C-A57E-742A6D0BA1E8}.Release|x64.ActiveCfg = Release|x64
		{2614A528-15D6-441C-A57E-742A6D0BA1E8}.Release|x64.Build.0 = Release|x64
		{6FDBB8ED-3A5D-4A85-820E-2CA6FE06150C}.Debug|Mixed Platforms.ActiveCfg = Debug|x64
		{6FDBB8ED-3A5D-4A85-820E-2CA6FE06150C}.Debug|Mixed Platforms.Build.0 = Debug|x64
		{6FDBB8ED-3A5D-4A85-820E-2CA6FE06150C}.Debug|x64.ActiveCfg = Debug|x64
		{6FDBB8ED-3A5D-4A85-820E-2CA6FE06150C}.Debug|x64.Build.0 = Debug|x64
		{6FDBB8ED-3A5D-4A85-820E-2CA6FE06150C}.Release|Mixed Platforms.ActiveCfg = Release|x64
		{6FDBB8ED-3A5D-4A85-820E-2CA6FE06150C}.Release|Mixed Platforms.Build.0 = Release|x64
		{6FDBB8ED-3A5D-4A85-820E-2CA6FE06150C}.Release|x64.ActiveCfg = Release|x64
		{6FDBB8ED-3A5D-4A85-820E-2CA6FE06150C}.Release|x64.Build.0 = Release|x64
		{D59A7CEA-14A6-4D17-A492-D79F253CE110}.Debug|Mixed Platforms.ActiveCfg = Debug|x64
		{D59A7CEA-14A6-4D17-A492-D79F253CE110}.Debug|Mixed Platforms.Build.0 = Debug|x64
		{D59A7CEA-14A6-4D17-A492-D79F253CE110}.Debug|x64.ActiveCfg = Debug|x64
		{D59A7CEA-14A6-4D17-A492-D79F253CE110}.Debug|x64.Build.0 = Debug|x64
		{D59A7CEA-14A6-4D17-A492-D79F253CE110}.Release|Mixed Platforms.ActiveCfg = Release|x64
		{D59A7CEA-14A6-4D17-A492-D79F253CE110}.Release|Mixed Platforms.Build.0 = Release|x64
		{D59A7CEA-14A6-4D17-A492-D79F253CE110}.Release|x64.ActiveCfg = Release|x64
		{D59A7CEA-14A6-4D17-A492-D79F253CE110}.Release|x64.Build.0 = Release|x64
		{DFA6615C-6EF8-4758-92CC-0C7A4703BB6B}.Debug|Mixed Platforms.ActiveCfg = Debug|x64
		{DFA6615C-6EF8-4758-92CC-0C7A4703BB6B}.Debug|Mixed Platforms.Build.0 = Debug|x64
		{DFA6615C-6EF8-4758-92CC-0C7A4703BB6B}.Debug|x64.ActiveCfg = Debug|x64
		{DFA6615C-6EF8-4758-92CC-0C7A4703BB6B}.Debug|x64.Build.0 = Debug|x64
		{DFA6615C-6EF8-4758-92CC-0C7A4703BB6B}.Release|Mixed Platforms.ActiveCfg = Release|x64
		{DFA6615C-6EF8-4758-92CC-0C7A4703BB6B}.Release|Mixed Platforms.Build.0 = Release|x64
		{DFA6615C-6EF8-4758-92CC-0C7A4703BB6B}.Release|x64.ActiveCfg = Release|x64
		{DFA6615C-6EF8-4758-92CC-0C7A4703BB6B}.Release|x64.Build.0 = Release|x64
		{6691FF91-E46C-459C-91B3-C0B659FB1E20}.Debug|Mixed Platforms.ActiveCfg = Debug|x64
		{6691FF91-E46C-459C-91B3-C0B659FB1E20}.Debug|Mixed Platforms.Build.0 = Debug|x64
		{6691FF91-E46C-459C-91B3-C0B659FB1E20}.Debug|x64.ActiveCfg = Debug|x64
		{6691FF91-E46C-459C-91B3-C0B659FB1E20}.Debug|x64.Build.0 = Debug|x64
		{6691FF91-E46C-459C-91B3-C0B659FB1E20}.Release|Mixed Platforms.ActiveCfg = Release|x64
		{6691FF91-E46C-459C-91B3-C0B659FB1E20}.Release|Mixed Platforms.Build.0 = Release|x64
		{6691FF91-E46C-459C-91B3-C0B659FB1E20}.Release|x64.ActiveCfg = Release|x64
		{6691FF91-E46C-459C-91B3-C0B659FB1E20}.Release|x64.Build.0 = Release|x64
		{8991650F-3A63-4A59-AF3C-E219F272CFAF}.Debug|Mixed Platforms.ActiveCfg = Debug|x64
		{8991650F-3A63-4A59-AF3C-E219F272CFAF}.Debug|Mixed Platforms.Build.0 = Debug|x64
		{8991650F-3A63-4A59-AF3C-E219F272CFAF}.Debug|x64.ActiveCfg = Debug|x64
		{8991650F-3A63-4A59-AF3C-E219F272CFAF}.Debug|x64.Build.0 = Debug|x64
		{8991650F-3A63-4A59-AF3C-E219F272CFAF}.Release|Mixed Platforms.ActiveCfg = Release|x64
		{8991650F-3A63-4A59-AF3C-E219F272CFAF}.Release|Mixed Platforms.Build.0 = Release|x64
		{8991650F-3A63-4A59-AF3C-E219F272CFAF}.Release|x64.ActiveCfg = Release|x64
		{8991650F-3A63-4A59-AF3C-E219F272CFAF}.Release|x64.Build.0 = Release|x64
	EndGlobalSection
	GlobalSection(SolutionProperties) = preSolution
		HideSolutionNode = FALSE
	EndGlobalSection
	GlobalSection(NestedProjects) = preSolution
		{C4601D1E-C648-4739-8CA2-9CF52D9EE0E2} = {69C1BCBA-534A-4A82-97BB-3771DDF50DAC}
		{4B3194D4-C1F0-481F-BCBB-61D00526D160} = {69C1BCBA-534A-4A82-97BB-3771DDF50DAC}
		{2614A528-15D6-441C-A57E-742A6D0BA1E8} = {69C1BCBA-534A-4A82-97BB-3771DDF50DAC}
		{6FDBB8ED-3A5D-4A85-820E-2CA6FE06150C} = {69C1BCBA-534A-4A82-97BB-3771DDF50DAC}
		{D59A7CEA-14A6-4D17-A492-D79F253CE110} = {69C1BCBA-534A-4A82-97BB-3771DDF50DAC}
		{DFA6615C-6EF8-4758-92CC-0C7A4703BB6B} = {69C1BCBA-534A-4A82-97BB-3771DDF50DAC}
		{6691FF91-E46C-459C-91B3-C0B659FB1E20} = {69C1BCBA-534A-4A82-97BB-3771DDF50DAC}
	EndGlobalSection
EndGlobal
